
Microsoft Visual Studio Solution File, Format Version 12.00
# Visual Studio Version 17
VisualStudioVersion = 17.0.31903.59
MinimumVisualStudioVersion = 10.0.40219.1
Project("{F2A71F9B-5D33-465A-A702-920D77279786}") = "SuperbApi", "src\SuperbApi\SuperbApi.fsproj", "{65539B1B-27CD-423A-A181-2D715B515277}"
EndProject
Project("{F2A71F9B-5D33-465A-A702-920D77279786}") = "SuperbUi", "src\SuperbUi\SuperbUi.fsproj", "{C44B5C7A-58BD-47BA-A96F-0E724E7DE8EA}"
EndProject
Project("{F2A71F9B-5D33-465A-A702-920D77279786}") = "SuperbApp", "src\SuperbApp\SuperbApp.fsproj", "{D460B446-B809-4735-9D2F-531870FDD6EB}"
EndProject
Project("{F2A71F9B-5D33-465A-A702-920D77279786}") = "SuperbGraphQL", "src\SuperbGraphQL\SuperbGraphQL.fsproj", "{2944D5B2-F6AC-4F0C-A784-6587F76936C4}"
EndProject
Project("{2150E333-8FDC-42A3-9474-1A3956D46DE8}") = "tests", "tests", "{D030DD95-F744-48C7-A3E8-BBE92A812623}"
EndProject
Project("{F2A71F9B-5D33-465A-A702-920D77279786}") = "SuperbApp.Tests", "tests\SuperbApp.Tests\SuperbApp.Tests.fsproj", "{695C24DE-1123-469B-93A8-D93AE1926E9F}"
EndProject
Global
	GlobalSection(SolutionConfigurationPlatforms) = preSolution
		Debug|Any CPU = Debug|Any CPU
		Release|Any CPU = Release|Any CPU
	EndGlobalSection
	GlobalSection(SolutionProperties) = preSolution
		HideSolutionNode = FALSE
	EndGlobalSection
	GlobalSection(ProjectConfigurationPlatforms) = postSolution
		{65539B1B-27CD-423A-A181-2D715B515277}.Debug|Any CPU.ActiveCfg = Debug|Any CPU
		{65539B1B-27CD-423A-A181-2D715B515277}.Debug|Any CPU.Build.0 = Debug|Any CPU
		{65539B1B-27CD-423A-A181-2D715B515277}.Release|Any CPU.ActiveCfg = Release|Any CPU
		{65539B1B-27CD-423A-A181-2D715B515277}.Release|Any CPU.Build.0 = Release|Any CPU
		{C44B5C7A-58BD-47BA-A96F-0E724E7DE8EA}.Debug|Any CPU.ActiveCfg = Debug|Any CPU
		{C44B5C7A-58BD-47BA-A96F-0E724E7DE8EA}.Debug|Any CPU.Build.0 = Debug|Any CPU
		{C44B5C7A-58BD-47BA-A96F-0E724E7DE8EA}.Release|Any CPU.ActiveCfg = Release|Any CPU
		{C44B5C7A-58BD-47BA-A96F-0E724E7DE8EA}.Release|Any CPU.Build.0 = Release|Any CPU
		{D460B446-B809-4735-9D2F-531870FDD6EB}.Debug|Any CPU.ActiveCfg = Debug|Any CPU
		{D460B446-B809-4735-9D2F-531870FDD6EB}.Debug|Any CPU.Build.0 = Debug|Any CPU
		{D460B446-B809-4735-9D2F-531870FDD6EB}.Release|Any CPU.ActiveCfg = Release|Any CPU
		{D460B446-B809-4735-9D2F-531870FDD6EB}.Release|Any CPU.Build.0 = Release|Any CPU
		{2944D5B2-F6AC-4F0C-A784-6587F76936C4}.Debug|Any CPU.ActiveCfg = Debug|Any CPU
		{2944D5B2-F6AC-4F0C-A784-6587F76936C4}.Debug|Any CPU.Build.0 = Debug|Any CPU
		{2944D5B2-F6AC-4F0C-A784-6587F76936C4}.Release|Any CPU.ActiveCfg = Release|Any CPU
		{2944D5B2-F6AC-4F0C-A784-6587F76936C4}.Release|Any CPU.Build.0 = Release|Any CPU
		{695C24DE-1123-469B-93A8-D93AE1926E9F}.Debug|Any CPU.ActiveCfg = Debug|Any CPU
		{695C24DE-1123-469B-93A8-D93AE1926E9F}.Debug|Any CPU.Build.0 = Debug|Any CPU
		{695C24DE-1123-469B-93A8-D93AE1926E9F}.Release|Any CPU.ActiveCfg = Release|Any CPU
		{695C24DE-1123-469B-93A8-D93AE1926E9F}.Release|Any CPU.Build.0 = Release|Any CPU
	EndGlobalSection
	GlobalSection(NestedProjects) = preSolution
		{695C24DE-1123-469B-93A8-D93AE1926E9F} = {D030DD95-F744-48C7-A3E8-BBE92A812623}
	EndGlobalSection
EndGlobal
